<?xml version="1.0" encoding="utf-8"?>
<Project ToolsVersion="4.0" xmlns="http://schemas.microsoft.com/developer/msbuild/2003">
  <ItemGroup>
    <ClCompile Include="cConstantBuffer.cpp" />
    <ClCompile Include="cRenderState.cpp" />
    <ClCompile Include="cShader.cpp" />
    <ClCompile Include="cVertexFormat.cpp" />
    <ClCompile Include="sContext.cpp" />
    <ClCompile Include="OpenGL\cConstantBuffer.gl.cpp">
      <Filter>OpenGL</Filter>
    </ClCompile>
    <ClCompile Include="OpenGL\cRenderState.gl.cpp">
      <Filter>OpenGL</Filter>
    </ClCompile>
    <ClCompile Include="OpenGL\cShader.gl.cpp">
      <Filter>OpenGL</Filter>
    </ClCompile>
    <ClCompile Include="OpenGL\cVertexFormat.gl.cpp">
      <Filter>OpenGL</Filter>
    </ClCompile>
    <ClCompile Include="OpenGL\Graphics.gl.cpp">
      <Filter>OpenGL</Filter>
    </ClCompile>
    <ClCompile Include="OpenGL\sContext.gl.cpp">
      <Filter>OpenGL</Filter>
    </ClCompile>
    <ClCompile Include="Direct3D\cConstantBuffer.d3d.cpp">
      <Filter>Direct3D</Filter>
    </ClCompile>
    <ClCompile Include="Direct3D\cRenderState.d3d.cpp">
      <Filter>Direct3D</Filter>
    </ClCompile>
    <ClCompile Include="Direct3D\cShader.d3d.cpp">
      <Filter>Direct3D</Filter>
    </ClCompile>
    <ClCompile Include="Direct3D\cVertexFormat.d3d.cpp">
      <Filter>Direct3D</Filter>
    </ClCompile>
    <ClCompile Include="Direct3D\Graphics.d3d.cpp">
      <Filter>Direct3D</Filter>
    </ClCompile>
    <ClCompile Include="Direct3D\sContext.d3d.cpp">
      <Filter>Direct3D</Filter>
    </ClCompile>
  </ItemGroup>
  <ItemGroup>
    <ClInclude Include="cConstantBuffer.h" />
    <ClInclude Include="Configuration.h" />
    <ClInclude Include="ConstantBufferFormats.h" />
    <ClInclude Include="cRenderState.h" />
    <ClInclude Include="cShader.h" />
    <ClInclude Include="cVertexFormat.h" />
    <ClInclude Include="Graphics.h" />
    <ClInclude Include="sContext.h" />
    <ClInclude Include="VertexFormats.h" />
    <ClInclude Include="OpenGL\Includes.h">
      <Filter>OpenGL</Filter>
    </ClInclude>
    <ClInclude Include="Direct3D\Includes.h">
      <Filter>Direct3D</Filter>
    </ClInclude>
    <ClInclude Include="Windows\ExternalLibraries.win.h">
      <Filter>Windows</Filter>
    </ClInclude>
  </ItemGroup>
  <ItemGroup>
    <None Include="cRenderState.inl" />
  </ItemGroup>
  <ItemGroup>
    <Filter Include="OpenGL">
      <UniqueIdentifier>{57e3cd6b-607f-43f5-8edf-12a9f856ab8a}</UniqueIdentifier>
    </Filter>
    <Filter Include="Direct3D">
      <UniqueIdentifier>{5a5ae2fb-46d8-4ef0-8cbb-3606064c60fb}</UniqueIdentifier>
    </Filter>
    <Filter Include="Windows">
      <UniqueIdentifier>{63b704a1-ef37-4a54-96ec-d29cae340e38}</UniqueIdentifier>
    </Filter>
  </ItemGroup>
</Project>